# THIS IS AN AUTOGENERATED FILE. DO NOT EDIT THIS FILE DIRECTLY.
# yarn lockfile v1


"@stimulus/core@^1.1.1":
  version "1.1.1"
  resolved "https://registry.yarnpkg.com/@stimulus/core/-/core-1.1.1.tgz#42b0cfe5b73ca492f41de64b77a03980bae92c82"
  integrity sha512-PVJv7IpuQx0MVPCBblXc6O2zbCmU8dlxXNH4bC9KK6LsvGaE+PCXXrXQfXUwAsse1/CmRu/iQG7Ov58himjiGg==
  dependencies:
    "@stimulus/mutation-observers" "^1.1.1"

"@stimulus/multimap@^1.1.1":
  version "1.1.1"
  resolved "https://registry.yarnpkg.com/@stimulus/multimap/-/multimap-1.1.1.tgz#b95e3fd607345ab36e5d5b55486ee1a12d56b331"
  integrity sha512-26R1fI3a8uUj0WlMmta4qcfIQGlagegdP4PTz6lz852q/dXlG6r+uPS/bx+H8GtfyS+OOXVr3SkZ0Zg0iRqRfQ==

"@stimulus/mutation-observers@^1.1.1":
  version "1.1.1"
  resolved "https://registry.yarnpkg.com/@stimulus/mutation-observers/-/mutation-observers-1.1.1.tgz#0f6c6f081308427fed2a26360dda0c173b79cfc0"
  integrity sha512-/zCnnw1KJlWO2mrx0yxYaRFZWMGnDMdOgSnI4hxDLxdWVuL2HMROU8FpHWVBLjKY3T9A+lGkcrmPGDHF3pfS9w==
  dependencies:
    "@stimulus/multimap" "^1.1.1"

"@stimulus/webpack-helpers@^1.1.1":
  version "1.1.1"
  resolved "https://registry.yarnpkg.com/@stimulus/webpack-helpers/-/webpack-helpers-1.1.1.tgz#eff60cd4e58b921d1a2764dc5215f5141510f2c2"
  integrity sha512-XOkqSw53N9072FLHvpLM25PIwy+ndkSSbnTtjKuyzsv8K5yfkFB2rv68jU1pzqYa9FZLcvZWP4yazC0V38dx9A==

prettier@2.6.2:
  version "2.6.2"
  resolved "https://registry.yarnpkg.com/prettier/-/prettier-2.6.2.tgz#e26d71a18a74c3d0f0597f55f01fb6c06c206032"
  integrity sha512-PkUpF+qoXTqhOeWL9fu7As8LXsIUZ1WYaJiY/a7McAQzxjk82OF0tibkFXVCDImZtWxbvojFjerkiLb0/q8mew==

stimulus-validation@^1.0.1-beta.3:
  version "1.0.1-beta.3"
  resolved "https://registry.yarnpkg.com/stimulus-validation/-/stimulus-validation-1.0.1-beta.3.tgz#c969d6ec8b38c41a82eda581dcd1b33266e54212"
  integrity sha512-XSSHG83eqLltEXKkKwhbAlf+pFdvw6rHR1IpqEMDZhTxZA8DvukKXPqwFVEGN3SYT4x/potbdPeJuQ/S1pm0wg==
  dependencies:
    stimulus "^1.1.1"
    validate.js "^0.12.0"

stimulus@^1.1.1:
  version "1.1.1"
  resolved "https://registry.yarnpkg.com/stimulus/-/stimulus-1.1.1.tgz#53c2fded6849e7b85eed3ed8dd76e33abd74bec5"
  integrity sha512-R0mBqKp48YnRDZOxZ8hiOH4Ilph3Yj78CIFTBkCwyHs4iGCpe7xlEdQ7cjIxb+7qVCSxFKgxO+mAQbsNgt/5XQ==
  dependencies:
    "@stimulus/core" "^1.1.1"
    "@stimulus/webpack-helpers" "^1.1.1"

validate.js@^0.12.0:
  version "0.12.0"
  resolved "https://registry.yarnpkg.com/validate.js/-/validate.js-0.12.0.tgz#17f989e37c192ea2f826bbf19bf4e97e6e4be68f"
  integrity sha512-/x2RJSvbqEyxKj0RPN4xaRquK+EggjeVXiDDEyrJzsJogjtiZ9ov7lj/svVb4DM5Q5braQF4cooAryQbUwOxlA==
